# This file is automatically @generated by Poetry 2.0.1 and should not be changed by hand.

[[package]]
name = "attrs"
version = "25.1.0"
description = "Classes Without Boilerplate"
optional = false
python-versions = ">=3.8"
groups = ["main"]
files = [
    {file = "attrs-25.1.0-py3-none-any.whl", hash = "sha256:c75a69e28a550a7e93789579c22aa26b0f5b83b75dc4e08fe092980051e1090a"},
    {file = "attrs-25.1.0.tar.gz", hash = "sha256:1c97078a80c814273a76b2a298a932eb681c87415c11dee0a6921de7f1b02c3e"},
]

[package.extras]
benchmark = ["cloudpickle", "hypothesis", "mypy (>=1.11.1)", "pympler", "pytest (>=4.3.0)", "pytest-codspeed", "pytest-mypy-plugins", "pytest-xdist[psutil]"]
cov = ["cloudpickle", "coverage[toml] (>=5.3)", "hypothesis", "mypy (>=1.11.1)", "pympler", "pytest (>=4.3.0)", "pytest-mypy-plugins", "pytest-xdist[psutil]"]
dev = ["cloudpickle", "hypothesis", "mypy (>=1.11.1)", "pre-commit-uv", "pympler", "pytest (>=4.3.0)", "pytest-mypy-plugins", "pytest-xdist[psutil]"]
docs = ["cogapp", "furo", "myst-parser", "sphinx", "sphinx-notfound-page", "sphinxcontrib-towncrier", "towncrier (<24.7)"]
tests = ["cloudpickle", "hypothesis", "mypy (>=1.11.1)", "pympler", "pytest (>=4.3.0)", "pytest-mypy-plugins", "pytest-xdist[psutil]"]
tests-mypy = ["mypy (>=1.11.1)", "pytest-mypy-plugins"]

[[package]]
name = "colorama"
version = "0.4.6"
description = "Cross-platform colored terminal text."
optional = false
python-versions = "!=3.0.*,!=3.1.*,!=3.2.*,!=3.3.*,!=3.4.*,!=3.5.*,!=3.6.*,>=2.7"
groups = ["main"]
markers = "sys_platform == \"win32\""
files = [
    {file = "colorama-0.4.6-py2.py3-none-any.whl", hash = "sha256:4f1d9991f5acc0ca119f9d443620b77f9d6b33703e51011c16baf57afb285fc6"},
    {file = "colorama-0.4.6.tar.gz", hash = "sha256:08695f5cb7ed6e0531a20572697297273c47b8cae5a63ffc6d6ed5c201be6e44"},
]

[[package]]
name = "fastjsonschema"
version = "2.21.1"
description = "Fastest Python implementation of JSON schema"
optional = false
python-versions = "*"
groups = ["main"]
files = [
    {file = "fastjsonschema-2.21.1-py3-none-any.whl", hash = "sha256:c9e5b7e908310918cf494a434eeb31384dd84a98b57a30bcb1f535015b554667"},
    {file = "fastjsonschema-2.21.1.tar.gz", hash = "sha256:794d4f0a58f848961ba16af7b9c85a3e88cd360df008c59aac6fc5ae9323b5d4"},
]

[package.extras]
devel = ["colorama", "json-spec", "jsonschema", "pylint", "pytest", "pytest-benchmark", "pytest-cache", "validictory"]

[[package]]
name = "jsonschema"
version = "4.23.0"
description = "An implementation of JSON Schema validation for Python"
optional = false
python-versions = ">=3.8"
groups = ["main"]
files = [
    {file = "jsonschema-4.23.0-py3-none-any.whl", hash = "sha256:fbadb6f8b144a8f8cf9f0b89ba94501d143e50411a1278633f56a7acf7fd5566"},
    {file = "jsonschema-4.23.0.tar.gz", hash = "sha256:d71497fef26351a33265337fa77ffeb82423f3ea21283cd9467bb03999266bc4"},
]

[package.dependencies]
attrs = ">=22.2.0"
jsonschema-specifications = ">=2023.03.6"
referencing = ">=0.28.4"
rpds-py = ">=0.7.1"

[package.extras]
format = ["fqdn", "idna", "isoduration", "jsonpointer (>1.13)", "rfc3339-validator", "rfc3987", "uri-template", "webcolors (>=1.11)"]
format-nongpl = ["fqdn", "idna", "isoduration", "jsonpointer (>1.13)", "rfc3339-validator", "rfc3986-validator (>0.1.0)", "uri-template", "webcolors (>=24.6.0)"]

[[package]]
name = "jsonschema-specifications"
version = "2024.10.1"
description = "The JSON Schema meta-schemas and vocabularies, exposed as a Registry"
optional = false
python-versions = ">=3.9"
groups = ["main"]
files = [
    {file = "jsonschema_specifications-2024.10.1-py3-none-any.whl", hash = "sha256:a09a0680616357d9a0ecf05c12ad234479f549239d0f5b55f3deea67475da9bf"},
    {file = "jsonschema_specifications-2024.10.1.tar.gz", hash = "sha256:0f38b83639958ce1152d02a7f062902c41c8fd20d558b0c34344292d417ae272"},
]

[package.dependencies]
referencing = ">=0.31.0"

[[package]]
name = "jupyter-core"
version = "5.7.2"
description = "Jupyter core package. A base package on which Jupyter projects rely."
optional = false
python-versions = ">=3.8"
groups = ["main"]
files = [
    {file = "jupyter_core-5.7.2-py3-none-any.whl", hash = "sha256:4f7315d2f6b4bcf2e3e7cb6e46772eba760ae459cd1f59d29eb57b0a01bd7409"},
    {file = "jupyter_core-5.7.2.tar.gz", hash = "sha256:aa5f8d32bbf6b431ac830496da7392035d6f61b4f54872f15c4bd2a9c3f536d9"},
]

[package.dependencies]
platformdirs = ">=2.5"
pywin32 = {version = ">=300", markers = "sys_platform == \"win32\" and platform_python_implementation != \"PyPy\""}
traitlets = ">=5.3"

[package.extras]
docs = ["myst-parser", "pydata-sphinx-theme", "sphinx-autodoc-typehints", "sphinxcontrib-github-alt", "sphinxcontrib-spelling", "traitlets"]
test = ["ipykernel", "pre-commit", "pytest (<8)", "pytest-cov", "pytest-timeout"]

[[package]]
name = "nbformat"
version = "5.10.4"
description = "The Jupyter Notebook format"
optional = false
python-versions = ">=3.8"
groups = ["main"]
files = [
    {file = "nbformat-5.10.4-py3-none-any.whl", hash = "sha256:3b48d6c8fbca4b299bf3982ea7db1af21580e4fec269ad087b9e81588891200b"},
    {file = "nbformat-5.10.4.tar.gz", hash = "sha256:322168b14f937a5d11362988ecac2a4952d3d8e3a2cbeb2319584631226d5b3a"},
]

[package.dependencies]
fastjsonschema = ">=2.15"
jsonschema = ">=2.6"
jupyter-core = ">=4.12,<5.0.dev0 || >=5.1.dev0"
traitlets = ">=5.1"

[package.extras]
docs = ["myst-parser", "pydata-sphinx-theme", "sphinx", "sphinxcontrib-github-alt", "sphinxcontrib-spelling"]
test = ["pep440", "pre-commit", "pytest", "testpath"]

[[package]]
name = "pillow"
version = "11.1.0"
description = "Python Imaging Library (Fork)"
optional = false
python-versions = ">=3.9"
groups = ["main"]
files = [
    {file = "pillow-11.1.0-cp310-cp310-macosx_10_10_x86_64.whl", hash = "sha256:e1abe69aca89514737465752b4bcaf8016de61b3be1397a8fc260ba33321b3a8"},
    {file = "pillow-11.1.0-cp310-cp310-macosx_11_0_arm64.whl", hash = "sha256:c640e5a06869c75994624551f45e5506e4256562ead981cce820d5ab39ae2192"},
    {file = "pillow-11.1.0-cp310-cp310-manylinux_2_17_aarch64.manylinux2014_aarch64.whl", hash = "sha256:a07dba04c5e22824816b2615ad7a7484432d7f540e6fa86af60d2de57b0fcee2"},
    {file = "pillow-11.1.0-cp310-cp310-manylinux_2_17_x86_64.manylinux2014_x86_64.whl", hash = "sha256:e267b0ed063341f3e60acd25c05200df4193e15a4a5807075cd71225a2386e26"},
    {file = "pillow-11.1.0-cp310-cp310-manylinux_2_28_aarch64.whl", hash = "sha256:bd165131fd51697e22421d0e467997ad31621b74bfc0b75956608cb2906dda07"},
    {file = "pillow-11.1.0-cp310-cp310-manylinux_2_28_x86_64.whl", hash = "sha256:abc56501c3fd148d60659aae0af6ddc149660469082859fa7b066a298bde9482"},
    {file = "pillow-11.1.0-cp310-cp310-musllinux_1_2_aarch64.whl", hash = "sha256:54ce1c9a16a9561b6d6d8cb30089ab1e5eb66918cb47d457bd996ef34182922e"},
    {file = "pillow-11.1.0-cp310-cp310-musllinux_1_2_x86_64.whl", hash = "sha256:73ddde795ee9b06257dac5ad42fcb07f3b9b813f8c1f7f870f402f4dc54b5269"},
    {file = "pillow-11.1.0-cp310-cp310-win32.whl", hash = "sha256:3a5fe20a7b66e8135d7fd617b13272626a28278d0e578c98720d9ba4b2439d49"},
    {file = "pillow-11.1.0-cp310-cp310-win_amd64.whl", hash = "sha256:b6123aa4a59d75f06e9dd3dac5bf8bc9aa383121bb3dd9a7a612e05eabc9961a"},
    {file = "pillow-11.1.0-cp310-cp310-win_arm64.whl", hash = "sha256:a76da0a31da6fcae4210aa94fd779c65c75786bc9af06289cd1c184451ef7a65"},
    {file = "pillow-11.1.0-cp311-cp311-macosx_10_10_x86_64.whl", hash = "sha256:e06695e0326d05b06833b40b7ef477e475d0b1ba3a6d27da1bb48c23209bf457"},
    {file = "pillow-11.1.0-cp311-cp311-macosx_11_0_arm64.whl", hash = "sha256:96f82000e12f23e4f29346e42702b6ed9a2f2fea34a740dd5ffffcc8c539eb35"},
    {file = "pillow-11.1.0-cp311-cp311-manylinux_2_17_aarch64.manylinux2014_aarch64.whl", hash = "sha256:a3cd561ded2cf2bbae44d4605837221b987c216cff94f49dfeed63488bb228d2"},
    {file = "pillow-11.1.0-cp311-cp311-manylinux_2_17_x86_64.manylinux2014_x86_64.whl", hash = "sha256:f189805c8be5ca5add39e6f899e6ce2ed824e65fb45f3c28cb2841911da19070"},
    {file = "pillow-11.1.0-cp311-cp311-manylinux_2_28_aarch64.whl", hash = "sha256:dd0052e9db3474df30433f83a71b9b23bd9e4ef1de13d92df21a52c0303b8ab6"},
    {file = "pillow-11.1.0-cp311-cp311-manylinux_2_28_x86_64.whl", hash = "sha256:837060a8599b8f5d402e97197d4924f05a2e0d68756998345c829c33186217b1"},
    {file = "pillow-11.1.0-cp311-cp311-musllinux_1_2_aarch64.whl", hash = "sha256:aa8dd43daa836b9a8128dbe7d923423e5ad86f50a7a14dc688194b7be5c0dea2"},
    {file = "pillow-11.1.0-cp311-cp311-musllinux_1_2_x86_64.whl", hash = "sha256:0a2f91f8a8b367e7a57c6e91cd25af510168091fb89ec5146003e424e1558a96"},
    {file = "pillow-11.1.0-cp311-cp311-win32.whl", hash = "sha256:c12fc111ef090845de2bb15009372175d76ac99969bdf31e2ce9b42e4b8cd88f"},
    {file = "pillow-11.1.0-cp311-cp311-win_amd64.whl", hash = "sha256:fbd43429d0d7ed6533b25fc993861b8fd512c42d04514a0dd6337fb3ccf22761"},
    {file = "pillow-11.1.0-cp311-cp311-win_arm64.whl", hash = "sha256:f7955ecf5609dee9442cbface754f2c6e541d9e6eda87fad7f7a989b0bdb9d71"},
    {file = "pillow-11.1.0-cp312-cp312-macosx_10_13_x86_64.whl", hash = "sha256:2062ffb1d36544d42fcaa277b069c88b01bb7298f4efa06731a7fd6cc290b81a"},
    {file = "pillow-11.1.0-cp312-cp312-macosx_11_0_arm64.whl", hash = "sha256:a85b653980faad27e88b141348707ceeef8a1186f75ecc600c395dcac19f385b"},
    {file = "pillow-11.1.0-cp312-cp312-manylinux_2_17_aarch64.manylinux2014_aarch64.whl", hash = "sha256:9409c080586d1f683df3f184f20e36fb647f2e0bc3988094d4fd8c9f4eb1b3b3"},
    {file = "pillow-11.1.0-cp312-cp312-manylinux_2_17_x86_64.manylinux2014_x86_64.whl", hash = "sha256:7fdadc077553621911f27ce206ffcbec7d3f8d7b50e0da39f10997e8e2bb7f6a"},
    {file = "pillow-11.1.0-cp312-cp312-manylinux_2_28_aarch64.whl", hash = "sha256:93a18841d09bcdd774dcdc308e4537e1f867b3dec059c131fde0327899734aa1"},
    {file = "pillow-11.1.0-cp312-cp312-manylinux_2_28_x86_64.whl", hash = "sha256:9aa9aeddeed452b2f616ff5507459e7bab436916ccb10961c4a382cd3e03f47f"},
    {file = "pillow-11.1.0-cp312-cp312-musllinux_1_2_aarch64.whl", hash = "sha256:3cdcdb0b896e981678eee140d882b70092dac83ac1cdf6b3a60e2216a73f2b91"},
    {file = "pillow-11.1.0-cp312-cp312-musllinux_1_2_x86_64.whl", hash = "sha256:36ba10b9cb413e7c7dfa3e189aba252deee0602c86c309799da5a74009ac7a1c"},
    {file = "pillow-11.1.0-cp312-cp312-win32.whl", hash = "sha256:cfd5cd998c2e36a862d0e27b2df63237e67273f2fc78f47445b14e73a810e7e6"},
    {file = "pillow-11.1.0-cp312-cp312-win_amd64.whl", hash = "sha256:a697cd8ba0383bba3d2d3ada02b34ed268cb548b369943cd349007730c92bddf"},
    {file = "pillow-11.1.0-cp312-cp312-win_arm64.whl", hash = "sha256:4dd43a78897793f60766563969442020e90eb7847463eca901e41ba186a7d4a5"},
    {file = "pillow-11.1.0-cp313-cp313-macosx_10_13_x86_64.whl", hash = "sha256:ae98e14432d458fc3de11a77ccb3ae65ddce70f730e7c76140653048c71bfcbc"},
    {file = "pillow-11.1.0-cp313-cp313-macosx_11_0_arm64.whl", hash = "sha256:cc1331b6d5a6e144aeb5e626f4375f5b7ae9934ba620c0ac6b3e43d5e683a0f0"},
    {file = "pillow-11.1.0-cp313-cp313-manylinux_2_17_aarch64.manylinux2014_aarch64.whl", hash = "sha256:758e9d4ef15d3560214cddbc97b8ef3ef86ce04d62ddac17ad39ba87e89bd3b1"},
    {file = "pillow-11.1.0-cp313-cp313-manylinux_2_17_x86_64.manylinux2014_x86_64.whl", hash = "sha256:b523466b1a31d0dcef7c5be1f20b942919b62fd6e9a9be199d035509cbefc0ec"},
    {file = "pillow-11.1.0-cp313-cp313-manylinux_2_28_aarch64.whl", hash = "sha256:9044b5e4f7083f209c4e35aa5dd54b1dd5b112b108648f5c902ad586d4f945c5"},
    {file = "pillow-11.1.0-cp313-cp313-manylinux_2_28_x86_64.whl", hash = "sha256:3764d53e09cdedd91bee65c2527815d315c6b90d7b8b79759cc48d7bf5d4f114"},
    {file = "pillow-11.1.0-cp313-cp313-musllinux_1_2_aarch64.whl", hash = "sha256:31eba6bbdd27dde97b0174ddf0297d7a9c3a507a8a1480e1e60ef914fe23d352"},
    {file = "pillow-11.1.0-cp313-cp313-musllinux_1_2_x86_64.whl", hash = "sha256:b5d658fbd9f0d6eea113aea286b21d3cd4d3fd978157cbf2447a6035916506d3"},
    {file = "pillow-11.1.0-cp313-cp313-win32.whl", hash = "sha256:f86d3a7a9af5d826744fabf4afd15b9dfef44fe69a98541f666f66fbb8d3fef9"},
    {file = "pillow-11.1.0-cp313-cp313-win_amd64.whl", hash = "sha256:593c5fd6be85da83656b93ffcccc2312d2d149d251e98588b14fbc288fd8909c"},
    {file = "pillow-11.1.0-cp313-cp313-win_arm64.whl", hash = "sha256:11633d58b6ee5733bde153a8dafd25e505ea3d32e261accd388827ee987baf65"},
    {file = "pillow-11.1.0-cp313-cp313t-macosx_10_13_x86_64.whl", hash = "sha256:70ca5ef3b3b1c4a0812b5c63c57c23b63e53bc38e758b37a951e5bc466449861"},
    {file = "pillow-11.1.0-cp313-cp313t-macosx_11_0_arm64.whl", hash = "sha256:8000376f139d4d38d6851eb149b321a52bb8893a88dae8ee7d95840431977081"},
    {file = "pillow-11.1.0-cp313-cp313t-manylinux_2_17_x86_64.manylinux2014_x86_64.whl", hash = "sha256:9ee85f0696a17dd28fbcfceb59f9510aa71934b483d1f5601d1030c3c8304f3c"},
    {file = "pillow-11.1.0-cp313-cp313t-manylinux_2_28_x86_64.whl", hash = "sha256:dd0e081319328928531df7a0e63621caf67652c8464303fd102141b785ef9547"},
    {file = "pillow-11.1.0-cp313-cp313t-musllinux_1_2_x86_64.whl", hash = "sha256:e63e4e5081de46517099dc30abe418122f54531a6ae2ebc8680bcd7096860eab"},
    {file = "pillow-11.1.0-cp313-cp313t-win32.whl", hash = "sha256:dda60aa465b861324e65a78c9f5cf0f4bc713e4309f83bc387be158b077963d9"},
    {file = "pillow-11.1.0-cp313-cp313t-win_amd64.whl", hash = "sha256:ad5db5781c774ab9a9b2c4302bbf0c1014960a0a7be63278d13ae6fdf88126fe"},
    {file = "pillow-11.1.0-cp313-cp313t-win_arm64.whl", hash = "sha256:67cd427c68926108778a9005f2a04adbd5e67c442ed21d95389fe1d595458756"},
    {file = "pillow-11.1.0-cp39-cp39-macosx_10_10_x86_64.whl", hash = "sha256:bf902d7413c82a1bfa08b06a070876132a5ae6b2388e2712aab3a7cbc02205c6"},
    {file = "pillow-11.1.0-cp39-cp39-macosx_11_0_arm64.whl", hash = "sha256:c1eec9d950b6fe688edee07138993e54ee4ae634c51443cfb7c1e7613322718e"},
    {file = "pillow-11.1.0-cp39-cp39-manylinux_2_17_aarch64.manylinux2014_aarch64.whl", hash = "sha256:8e275ee4cb11c262bd108ab2081f750db2a1c0b8c12c1897f27b160c8bd57bbc"},
    {file = "pillow-11.1.0-cp39-cp39-manylinux_2_17_x86_64.manylinux2014_x86_64.whl", hash = "sha256:4db853948ce4e718f2fc775b75c37ba2efb6aaea41a1a5fc57f0af59eee774b2"},
    {file = "pillow-11.1.0-cp39-cp39-manylinux_2_28_aarch64.whl", hash = "sha256:ab8a209b8485d3db694fa97a896d96dd6533d63c22829043fd9de627060beade"},
    {file = "pillow-11.1.0-cp39-cp39-manylinux_2_28_x86_64.whl", hash = "sha256:54251ef02a2309b5eec99d151ebf5c9904b77976c8abdcbce7891ed22df53884"},
    {file = "pillow-11.1.0-cp39-cp39-musllinux_1_2_aarch64.whl", hash = "sha256:5bb94705aea800051a743aa4874bb1397d4695fb0583ba5e425ee0328757f196"},
    {file = "pillow-11.1.0-cp39-cp39-musllinux_1_2_x86_64.whl", hash = "sha256:89dbdb3e6e9594d512780a5a1c42801879628b38e3efc7038094430844e271d8"},
    {file = "pillow-11.1.0-cp39-cp39-win32.whl", hash = "sha256:e5449ca63da169a2e6068dd0e2fcc8d91f9558aba89ff6d02121ca8ab11e79e5"},
    {file = "pillow-11.1.0-cp39-cp39-win_amd64.whl", hash = "sha256:3362c6ca227e65c54bf71a5f88b3d4565ff1bcbc63ae72c34b07bbb1cc59a43f"},
    {file = "pillow-11.1.0-cp39-cp39-win_arm64.whl", hash = "sha256:b20be51b37a75cc54c2c55def3fa2c65bb94ba859dde241cd0a4fd302de5ae0a"},
    {file = "pillow-11.1.0-pp310-pypy310_pp73-macosx_10_15_x86_64.whl", hash = "sha256:8c730dc3a83e5ac137fbc92dfcfe1511ce3b2b5d7578315b63dbbb76f7f51d90"},
    {file = "pillow-11.1.0-pp310-pypy310_pp73-macosx_11_0_arm64.whl", hash = "sha256:7d33d2fae0e8b170b6a6c57400e077412240f6f5bb2a342cf1ee512a787942bb"},
    {file = "pillow-11.1.0-pp310-pypy310_pp73-manylinux_2_17_aarch64.manylinux2014_aarch64.whl", hash = "sha256:a8d65b38173085f24bc07f8b6c505cbb7418009fa1a1fcb111b1f4961814a442"},
    {file = "pillow-11.1.0-pp310-pypy310_pp73-manylinux_2_17_x86_64.manylinux2014_x86_64.whl", hash = "sha256:015c6e863faa4779251436db398ae75051469f7c903b043a48f078e437656f83"},
    {file = "pillow-11.1.0-pp310-pypy310_pp73-manylinux_2_28_aarch64.whl", hash = "sha256:d44ff19eea13ae4acdaaab0179fa68c0c6f2f45d66a4d8ec1eda7d6cecbcc15f"},
    {file = "pillow-11.1.0-pp310-pypy310_pp73-manylinux_2_28_x86_64.whl", hash = "sha256:d3d8da4a631471dfaf94c10c85f5277b1f8e42ac42bade1ac67da4b4a7359b73"},
    {file = "pillow-11.1.0-pp310-pypy310_pp73-win_amd64.whl", hash = "sha256:4637b88343166249fe8aa94e7c4a62a180c4b3898283bb5d3d2fd5fe10d8e4e0"},
    {file = "pillow-11.1.0.tar.gz", hash = "sha256:368da70808b36d73b4b390a8ffac11069f8a5c85f29eff1f1b01bcf3ef5b2a20"},
]

[package.extras]
docs = ["furo", "olefile", "sphinx (>=8.1)", "sphinx-copybutton", "sphinx-inline-tabs", "sphinxext-opengraph"]
fpx = ["olefile"]
mic = ["olefile"]
tests = ["check-manifest", "coverage (>=7.4.2)", "defusedxml", "markdown2", "olefile", "packaging", "pyroma", "pytest", "pytest-cov", "pytest-timeout", "trove-classifiers (>=2024.10.12)"]
typing = ["typing-extensions"]
xmp = ["defusedxml"]

[[package]]
name = "platformdirs"
version = "4.3.6"
description = "A small Python package for determining appropriate platform-specific dirs, e.g. a `user data dir`."
optional = false
python-versions = ">=3.8"
groups = ["main"]
files = [
    {file = "platformdirs-4.3.6-py3-none-any.whl", hash = "sha256:73e575e1408ab8103900836b97580d5307456908a03e92031bab39e4554cc3fb"},
    {file = "platformdirs-4.3.6.tar.gz", hash = "sha256:357fb2acbc885b0419afd3ce3ed34564c13c9b95c89360cd9563f73aa5e2b907"},
]

[package.extras]
docs = ["furo (>=2024.8.6)", "proselint (>=0.14)", "sphinx (>=8.0.2)", "sphinx-autodoc-typehints (>=2.4)"]
test = ["appdirs (==1.4.4)", "covdefaults (>=2.3)", "pytest (>=8.3.2)", "pytest-cov (>=5)", "pytest-mock (>=3.14)"]
type = ["mypy (>=1.11.2)"]

[[package]]
name = "pywin32"
version = "308"
description = "Python for Window Extensions"
optional = false
python-versions = "*"
groups = ["main"]
markers = "sys_platform == \"win32\" and platform_python_implementation != \"PyPy\""
files = [
    {file = "pywin32-308-cp310-cp310-win32.whl", hash = "sha256:796ff4426437896550d2981b9c2ac0ffd75238ad9ea2d3bfa67a1abd546d262e"},
    {file = "pywin32-308-cp310-cp310-win_amd64.whl", hash = "sha256:4fc888c59b3c0bef905ce7eb7e2106a07712015ea1c8234b703a088d46110e8e"},
    {file = "pywin32-308-cp310-cp310-win_arm64.whl", hash = "sha256:a5ab5381813b40f264fa3495b98af850098f814a25a63589a8e9eb12560f450c"},
    {file = "pywin32-308-cp311-cp311-win32.whl", hash = "sha256:5d8c8015b24a7d6855b1550d8e660d8daa09983c80e5daf89a273e5c6fb5095a"},
    {file = "pywin32-308-cp311-cp311-win_amd64.whl", hash = "sha256:575621b90f0dc2695fec346b2d6302faebd4f0f45c05ea29404cefe35d89442b"},
    {file = "pywin32-308-cp311-cp311-win_arm64.whl", hash = "sha256:100a5442b7332070983c4cd03f2e906a5648a5104b8a7f50175f7906efd16bb6"},
    {file = "pywin32-308-cp312-cp312-win32.whl", hash = "sha256:587f3e19696f4bf96fde9d8a57cec74a57021ad5f204c9e627e15c33ff568897"},
    {file = "pywin32-308-cp312-cp312-win_amd64.whl", hash = "sha256:00b3e11ef09ede56c6a43c71f2d31857cf7c54b0ab6e78ac659497abd2834f47"},
    {file = "pywin32-308-cp312-cp312-win_arm64.whl", hash = "sha256:9b4de86c8d909aed15b7011182c8cab38c8850de36e6afb1f0db22b8959e3091"},
    {file = "pywin32-308-cp313-cp313-win32.whl", hash = "sha256:1c44539a37a5b7b21d02ab34e6a4d314e0788f1690d65b48e9b0b89f31abbbed"},
    {file = "pywin32-308-cp313-cp313-win_amd64.whl", hash = "sha256:fd380990e792eaf6827fcb7e187b2b4b1cede0585e3d0c9e84201ec27b9905e4"},
    {file = "pywin32-308-cp313-cp313-win_arm64.whl", hash = "sha256:ef313c46d4c18dfb82a2431e3051ac8f112ccee1a34f29c263c583c568db63cd"},
    {file = "pywin32-308-cp37-cp37m-win32.whl", hash = "sha256:1f696ab352a2ddd63bd07430080dd598e6369152ea13a25ebcdd2f503a38f1ff"},
    {file = "pywin32-308-cp37-cp37m-win_amd64.whl", hash = "sha256:13dcb914ed4347019fbec6697a01a0aec61019c1046c2b905410d197856326a6"},
    {file = "pywin32-308-cp38-cp38-win32.whl", hash = "sha256:5794e764ebcabf4ff08c555b31bd348c9025929371763b2183172ff4708152f0"},
    {file = "pywin32-308-cp38-cp38-win_amd64.whl", hash = "sha256:3b92622e29d651c6b783e368ba7d6722b1634b8e70bd376fd7610fe1992e19de"},
    {file = "pywin32-308-cp39-cp39-win32.whl", hash = "sha256:7873ca4dc60ab3287919881a7d4f88baee4a6e639aa6962de25a98ba6b193341"},
    {file = "pywin32-308-cp39-cp39-win_amd64.whl", hash = "sha256:71b3322d949b4cc20776436a9c9ba0eeedcbc9c650daa536df63f0ff111bb920"},
]

[[package]]
name = "qrcode"
version = "8.0"
description = "QR Code image generator"
optional = false
python-versions = "<4.0,>=3.9"
groups = ["main"]
files = [
    {file = "qrcode-8.0-py3-none-any.whl", hash = "sha256:9fc05f03305ad27a709eb742cf3097fa19e6f6f93bb9e2f039c0979190f6f1b1"},
    {file = "qrcode-8.0.tar.gz", hash = "sha256:025ce2b150f7fe4296d116ee9bad455a6643ab4f6e7dce541613a4758cbce347"},
]

[package.dependencies]
colorama = {version = "*", markers = "sys_platform == \"win32\""}

[package.extras]
all = ["pillow (>=9.1.0)", "pypng"]
pil = ["pillow (>=9.1.0)"]
png = ["pypng"]

[[package]]
name = "referencing"
version = "0.36.2"
description = "JSON Referencing + Python"
optional = false
python-versions = ">=3.9"
groups = ["main"]
files = [
    {file = "referencing-0.36.2-py3-none-any.whl", hash = "sha256:e8699adbbf8b5c7de96d8ffa0eb5c158b3beafce084968e2ea8bb08c6794dcd0"},
    {file = "referencing-0.36.2.tar.gz", hash = "sha256:df2e89862cd09deabbdba16944cc3f10feb6b3e6f18e902f7cc25609a34775aa"},
]

[package.dependencies]
attrs = ">=22.2.0"
rpds-py = ">=0.7.0"
typing-extensions = {version = ">=4.4.0", markers = "python_version < \"3.13\""}

[[package]]
name = "rpds-py"
version = "0.23.1"
description = "Python bindings to Rust's persistent data structures (rpds)"
optional = false
python-versions = ">=3.9"
groups = ["main"]
files = [
    {file = "rpds_py-0.23.1-cp310-cp310-macosx_10_12_x86_64.whl", hash = "sha256:2a54027554ce9b129fc3d633c92fa33b30de9f08bc61b32c053dc9b537266fed"},
    {file = "rpds_py-0.23.1-cp310-cp310-macosx_11_0_arm64.whl", hash = "sha256:b5ef909a37e9738d146519657a1aab4584018746a18f71c692f2f22168ece40c"},
    {file = "rpds_py-0.23.1-cp310-cp310-manylinux_2_17_aarch64.manylinux2014_aarch64.whl", hash = "sha256:3ee9d6f0b38efb22ad94c3b68ffebe4c47865cdf4b17f6806d6c674e1feb4246"},
    {file = "rpds_py-0.23.1-cp310-cp310-manylinux_2_17_armv7l.manylinux2014_armv7l.whl", hash = "sha256:f7356a6da0562190558c4fcc14f0281db191cdf4cb96e7604c06acfcee96df15"},
    {file = "rpds_py-0.23.1-cp310-cp310-manylinux_2_17_ppc64le.manylinux2014_ppc64le.whl", hash = "sha256:9441af1d25aed96901f97ad83d5c3e35e6cd21a25ca5e4916c82d7dd0490a4fa"},
    {file = "rpds_py-0.23.1-cp310-cp310-manylinux_2_17_s390x.manylinux2014_s390x.whl", hash = "sha256:3d8abf7896a91fb97e7977d1aadfcc2c80415d6dc2f1d0fca5b8d0df247248f3"},
    {file = "rpds_py-0.23.1-cp310-cp310-manylinux_2_17_x86_64.manylinux2014_x86_64.whl", hash = "sha256:1b08027489ba8fedde72ddd233a5ea411b85a6ed78175f40285bd401bde7466d"},
    {file = "rpds_py-0.23.1-cp310-cp310-manylinux_2_5_i686.manylinux1_i686.whl", hash = "sha256:fee513135b5a58f3bb6d89e48326cd5aa308e4bcdf2f7d59f67c861ada482bf8"},
    {file = "rpds_py-0.23.1-cp310-cp310-musllinux_1_2_aarch64.whl", hash = "sha256:35d5631ce0af26318dba0ae0ac941c534453e42f569011585cb323b7774502a5"},
    {file = "rpds_py-0.23.1-cp310-cp310-musllinux_1_2_i686.whl", hash = "sha256:a20cb698c4a59c534c6701b1c24a968ff2768b18ea2991f886bd8985ce17a89f"},
    {file = "rpds_py-0.23.1-cp310-cp310-musllinux_1_2_x86_64.whl", hash = "sha256:5e9c206a1abc27e0588cf8b7c8246e51f1a16a103734f7750830a1ccb63f557a"},
    {file = "rpds_py-0.23.1-cp310-cp310-win32.whl", hash = "sha256:d9f75a06ecc68f159d5d7603b734e1ff6daa9497a929150f794013aa9f6e3f12"},
    {file = "rpds_py-0.23.1-cp310-cp310-win_amd64.whl", hash = "sha256:f35eff113ad430b5272bbfc18ba111c66ff525828f24898b4e146eb479a2cdda"},
    {file = "rpds_py-0.23.1-cp311-cp311-macosx_10_12_x86_64.whl", hash = "sha256:b79f5ced71efd70414a9a80bbbfaa7160da307723166f09b69773153bf17c590"},
    {file = "rpds_py-0.23.1-cp311-cp311-macosx_11_0_arm64.whl", hash = "sha256:c9e799dac1ffbe7b10c1fd42fe4cd51371a549c6e108249bde9cd1200e8f59b4"},
    {file = "rpds_py-0.23.1-cp311-cp311-manylinux_2_17_aarch64.manylinux2014_aarch64.whl", hash = "sha256:721f9c4011b443b6e84505fc00cc7aadc9d1743f1c988e4c89353e19c4a968ee"},
    {file = "rpds_py-0.23.1-cp311-cp311-manylinux_2_17_armv7l.manylinux2014_armv7l.whl", hash = "sha256:f88626e3f5e57432e6191cd0c5d6d6b319b635e70b40be2ffba713053e5147dd"},
    {file = "rpds_py-0.23.1-cp311-cp311-manylinux_2_17_ppc64le.manylinux2014_ppc64le.whl", hash = "sha256:285019078537949cecd0190f3690a0b0125ff743d6a53dfeb7a4e6787af154f5"},
    {file = "rpds_py-0.23.1-cp311-cp311-manylinux_2_17_s390x.manylinux2014_s390x.whl", hash = "sha256:b92f5654157de1379c509b15acec9d12ecf6e3bc1996571b6cb82a4302060447"},
    {file = "rpds_py-0.23.1-cp311-cp311-manylinux_2_17_x86_64.manylinux2014_x86_64.whl", hash = "sha256:e768267cbe051dd8d1c5305ba690bb153204a09bf2e3de3ae530de955f5b5580"},
    {file = "rpds_py-0.23.1-cp311-cp311-manylinux_2_5_i686.manylinux1_i686.whl", hash = "sha256:c5334a71f7dc1160382d45997e29f2637c02f8a26af41073189d79b95d3321f1"},
    {file = "rpds_py-0.23.1-cp311-cp311-musllinux_1_2_aarch64.whl", hash = "sha256:d6adb81564af0cd428910f83fa7da46ce9ad47c56c0b22b50872bc4515d91966"},
    {file = "rpds_py-0.23.1-cp311-cp311-musllinux_1_2_i686.whl", hash = "sha256:cafa48f2133d4daa028473ede7d81cd1b9f9e6925e9e4003ebdf77010ee02f35"},
    {file = "rpds_py-0.23.1-cp311-cp311-musllinux_1_2_x86_64.whl", hash = "sha256:0fced9fd4a07a1ded1bac7e961ddd9753dd5d8b755ba8e05acba54a21f5f1522"},
    {file = "rpds_py-0.23.1-cp311-cp311-win32.whl", hash = "sha256:243241c95174b5fb7204c04595852fe3943cc41f47aa14c3828bc18cd9d3b2d6"},
    {file = "rpds_py-0.23.1-cp311-cp311-win_amd64.whl", hash = "sha256:11dd60b2ffddba85715d8a66bb39b95ddbe389ad2cfcf42c833f1bcde0878eaf"},
    {file = "rpds_py-0.23.1-cp312-cp312-macosx_10_12_x86_64.whl", hash = "sha256:3902df19540e9af4cc0c3ae75974c65d2c156b9257e91f5101a51f99136d834c"},
    {file = "rpds_py-0.23.1-cp312-cp312-macosx_11_0_arm64.whl", hash = "sha256:66f8d2a17e5838dd6fb9be6baaba8e75ae2f5fa6b6b755d597184bfcd3cb0eba"},
    {file = "rpds_py-0.23.1-cp312-cp312-manylinux_2_17_aarch64.manylinux2014_aarch64.whl", hash = "sha256:112b8774b0b4ee22368fec42749b94366bd9b536f8f74c3d4175d4395f5cbd31"},
    {file = "rpds_py-0.23.1-cp312-cp312-manylinux_2_17_armv7l.manylinux2014_armv7l.whl", hash = "sha256:e0df046f2266e8586cf09d00588302a32923eb6386ced0ca5c9deade6af9a149"},
    {file = "rpds_py-0.23.1-cp312-cp312-manylinux_2_17_ppc64le.manylinux2014_ppc64le.whl", hash = "sha256:0f3288930b947cbebe767f84cf618d2cbe0b13be476e749da0e6a009f986248c"},
    {file = "rpds_py-0.23.1-cp312-cp312-manylinux_2_17_s390x.manylinux2014_s390x.whl", hash = "sha256:ce473a2351c018b06dd8d30d5da8ab5a0831056cc53b2006e2a8028172c37ce5"},
    {file = "rpds_py-0.23.1-cp312-cp312-manylinux_2_17_x86_64.manylinux2014_x86_64.whl", hash = "sha256:d550d7e9e7d8676b183b37d65b5cd8de13676a738973d330b59dc8312df9c5dc"},
    {file = "rpds_py-0.23.1-cp312-cp312-manylinux_2_5_i686.manylinux1_i686.whl", hash = "sha256:e14f86b871ea74c3fddc9a40e947d6a5d09def5adc2076ee61fb910a9014fb35"},
    {file = "rpds_py-0.23.1-cp312-cp312-musllinux_1_2_aarch64.whl", hash = "sha256:1bf5be5ba34e19be579ae873da515a2836a2166d8d7ee43be6ff909eda42b72b"},
    {file = "rpds_py-0.23.1-cp312-cp312-musllinux_1_2_i686.whl", hash = "sha256:d7031d493c4465dbc8d40bd6cafefef4bd472b17db0ab94c53e7909ee781b9ef"},
    {file = "rpds_py-0.23.1-cp312-cp312-musllinux_1_2_x86_64.whl", hash = "sha256:55ff4151cfd4bc635e51cfb1c59ac9f7196b256b12e3a57deb9e5742e65941ad"},
    {file = "rpds_py-0.23.1-cp312-cp312-win32.whl", hash = "sha256:a9d3b728f5a5873d84cba997b9d617c6090ca5721caaa691f3b1a78c60adc057"},
    {file = "rpds_py-0.23.1-cp312-cp312-win_amd64.whl", hash = "sha256:b03a8d50b137ee758e4c73638b10747b7c39988eb8e6cd11abb7084266455165"},
    {file = "rpds_py-0.23.1-cp313-cp313-macosx_10_12_x86_64.whl", hash = "sha256:4caafd1a22e5eaa3732acb7672a497123354bef79a9d7ceed43387d25025e935"},
    {file = "rpds_py-0.23.1-cp313-cp313-macosx_11_0_arm64.whl", hash = "sha256:178f8a60fc24511c0eb756af741c476b87b610dba83270fce1e5a430204566a4"},
    {file = "rpds_py-0.23.1-cp313-cp313-manylinux_2_17_aarch64.manylinux2014_aarch64.whl", hash = "sha256:c632419c3870507ca20a37c8f8f5352317aca097639e524ad129f58c125c61c6"},
    {file = "rpds_py-0.23.1-cp313-cp313-manylinux_2_17_armv7l.manylinux2014_armv7l.whl", hash = "sha256:698a79d295626ee292d1730bc2ef6e70a3ab135b1d79ada8fde3ed0047b65a10"},
    {file = "rpds_py-0.23.1-cp313-cp313-manylinux_2_17_ppc64le.manylinux2014_ppc64le.whl", hash = "sha256:271fa2184cf28bdded86bb6217c8e08d3a169fe0bbe9be5e8d96e8476b707122"},
    {file = "rpds_py-0.23.1-cp313-cp313-manylinux_2_17_s390x.manylinux2014_s390x.whl", hash = "sha256:b91cceb5add79ee563bd1f70b30896bd63bc5f78a11c1f00a1e931729ca4f1f4"},
    {file = "rpds_py-0.23.1-cp313-cp313-manylinux_2_17_x86_64.manylinux2014_x86_64.whl", hash = "sha256:f3a6cb95074777f1ecda2ca4fa7717caa9ee6e534f42b7575a8f0d4cb0c24013"},
    {file = "rpds_py-0.23.1-cp313-cp313-manylinux_2_5_i686.manylinux1_i686.whl", hash = "sha256:50fb62f8d8364978478b12d5f03bf028c6bc2af04082479299139dc26edf4c64"},
    {file = "rpds_py-0.23.1-cp313-cp313-musllinux_1_2_aarch64.whl", hash = "sha256:c8f7e90b948dc9dcfff8003f1ea3af08b29c062f681c05fd798e36daa3f7e3e8"},
    {file = "rpds_py-0.23.1-cp313-cp313-musllinux_1_2_i686.whl", hash = "sha256:5b98b6c953e5c2bda51ab4d5b4f172617d462eebc7f4bfdc7c7e6b423f6da957"},
    {file = "rpds_py-0.23.1-cp313-cp313-musllinux_1_2_x86_64.whl", hash = "sha256:2893d778d4671ee627bac4037a075168b2673c57186fb1a57e993465dbd79a93"},
    {file = "rpds_py-0.23.1-cp313-cp313-win32.whl", hash = "sha256:2cfa07c346a7ad07019c33fb9a63cf3acb1f5363c33bc73014e20d9fe8b01cdd"},
    {file = "rpds_py-0.23.1-cp313-cp313-win_amd64.whl", hash = "sha256:3aaf141d39f45322e44fc2c742e4b8b4098ead5317e5f884770c8df0c332da70"},
    {file = "rpds_py-0.23.1-cp313-cp313t-macosx_10_12_x86_64.whl", hash = "sha256:759462b2d0aa5a04be5b3e37fb8183615f47014ae6b116e17036b131985cb731"},
    {file = "rpds_py-0.23.1-cp313-cp313t-macosx_11_0_arm64.whl", hash = "sha256:3e9212f52074fc9d72cf242a84063787ab8e21e0950d4d6709886fb62bcb91d5"},
    {file = "rpds_py-0.23.1-cp313-cp313t-manylinux_2_17_aarch64.manylinux2014_aarch64.whl", hash = "sha256:9e9f3a3ac919406bc0414bbbd76c6af99253c507150191ea79fab42fdb35982a"},
    {file = "rpds_py-0.23.1-cp313-cp313t-manylinux_2_17_armv7l.manylinux2014_armv7l.whl", hash = "sha256:c04ca91dda8a61584165825907f5c967ca09e9c65fe8966ee753a3f2b019fe1e"},
    {file = "rpds_py-0.23.1-cp313-cp313t-manylinux_2_17_ppc64le.manylinux2014_ppc64le.whl", hash = "sha256:4ab923167cfd945abb9b51a407407cf19f5bee35001221f2911dc85ffd35ff4f"},
    {file = "rpds_py-0.23.1-cp313-cp313t-manylinux_2_17_s390x.manylinux2014_s390x.whl", hash = "sha256:ed6f011bedca8585787e5082cce081bac3d30f54520097b2411351b3574e1219"},
    {file = "rpds_py-0.23.1-cp313-cp313t-manylinux_2_17_x86_64.manylinux2014_x86_64.whl", hash = "sha256:6959bb9928c5c999aba4a3f5a6799d571ddc2c59ff49917ecf55be2bbb4e3722"},
    {file = "rpds_py-0.23.1-cp313-cp313t-manylinux_2_5_i686.manylinux1_i686.whl", hash = "sha256:1ed7de3c86721b4e83ac440751329ec6a1102229aa18163f84c75b06b525ad7e"},
    {file = "rpds_py-0.23.1-cp313-cp313t-musllinux_1_2_aarch64.whl", hash = "sha256:5fb89edee2fa237584e532fbf78f0ddd1e49a47c7c8cfa153ab4849dc72a35e6"},
    {file = "rpds_py-0.23.1-cp313-cp313t-musllinux_1_2_i686.whl", hash = "sha256:7e5413d2e2d86025e73f05510ad23dad5950ab8417b7fc6beaad99be8077138b"},
    {file = "rpds_py-0.23.1-cp313-cp313t-musllinux_1_2_x86_64.whl", hash = "sha256:d31ed4987d72aabdf521eddfb6a72988703c091cfc0064330b9e5f8d6a042ff5"},
    {file = "rpds_py-0.23.1-cp313-cp313t-win32.whl", hash = "sha256:f3429fb8e15b20961efca8c8b21432623d85db2228cc73fe22756c6637aa39e7"},
    {file = "rpds_py-0.23.1-cp313-cp313t-win_amd64.whl", hash = "sha256:d6f6512a90bd5cd9030a6237f5346f046c6f0e40af98657568fa45695d4de59d"},
    {file = "rpds_py-0.23.1-cp39-cp39-macosx_10_12_x86_64.whl", hash = "sha256:09cd7dbcb673eb60518231e02874df66ec1296c01a4fcd733875755c02014b19"},
    {file = "rpds_py-0.23.1-cp39-cp39-macosx_11_0_arm64.whl", hash = "sha256:c6760211eee3a76316cf328f5a8bd695b47b1626d21c8a27fb3b2473a884d597"},
    {file = "rpds_py-0.23.1-cp39-cp39-manylinux_2_17_aarch64.manylinux2014_aarch64.whl", hash = "sha256:72e680c1518733b73c994361e4b06441b92e973ef7d9449feec72e8ee4f713da"},
    {file = "rpds_py-0.23.1-cp39-cp39-manylinux_2_17_armv7l.manylinux2014_armv7l.whl", hash = "sha256:ae28144c1daa61366205d32abd8c90372790ff79fc60c1a8ad7fd3c8553a600e"},
    {file = "rpds_py-0.23.1-cp39-cp39-manylinux_2_17_ppc64le.manylinux2014_ppc64le.whl", hash = "sha256:c698d123ce5d8f2d0cd17f73336615f6a2e3bdcedac07a1291bb4d8e7d82a05a"},
    {file = "rpds_py-0.23.1-cp39-cp39-manylinux_2_17_s390x.manylinux2014_s390x.whl", hash = "sha256:98b257ae1e83f81fb947a363a274c4eb66640212516becaff7bef09a5dceacaa"},
    {file = "rpds_py-0.23.1-cp39-cp39-manylinux_2_17_x86_64.manylinux2014_x86_64.whl", hash = "sha256:5c9ff044eb07c8468594d12602291c635da292308c8c619244e30698e7fc455a"},
    {file = "rpds_py-0.23.1-cp39-cp39-manylinux_2_5_i686.manylinux1_i686.whl", hash = "sha256:7938c7b0599a05246d704b3f5e01be91a93b411d0d6cc62275f025293b8a11ce"},
    {file = "rpds_py-0.23.1-cp39-cp39-musllinux_1_2_aarch64.whl", hash = "sha256:e9cb79ecedfc156c0692257ac7ed415243b6c35dd969baa461a6888fc79f2f07"},
    {file = "rpds_py-0.23.1-cp39-cp39-musllinux_1_2_i686.whl", hash = "sha256:7b77e07233925bd33fc0022b8537774423e4c6680b6436316c5075e79b6384f4"},
    {file = "rpds_py-0.23.1-cp39-cp39-musllinux_1_2_x86_64.whl", hash = "sha256:a970bfaf130c29a679b1d0a6e0f867483cea455ab1535fb427566a475078f27f"},
    {file = "rpds_py-0.23.1-cp39-cp39-win32.whl", hash = "sha256:4233df01a250b3984465faed12ad472f035b7cd5240ea3f7c76b7a7016084495"},
    {file = "rpds_py-0.23.1-cp39-cp39-win_amd64.whl", hash = "sha256:c617d7453a80e29d9973b926983b1e700a9377dbe021faa36041c78537d7b08c"},
    {file = "rpds_py-0.23.1-pp310-pypy310_pp73-macosx_10_12_x86_64.whl", hash = "sha256:c1f8afa346ccd59e4e5630d5abb67aba6a9812fddf764fd7eb11f382a345f8cc"},
    {file = "rpds_py-0.23.1-pp310-pypy310_pp73-macosx_11_0_arm64.whl", hash = "sha256:fad784a31869747df4ac968a351e070c06ca377549e4ace94775aaa3ab33ee06"},
    {file = "rpds_py-0.23.1-pp310-pypy310_pp73-manylinux_2_17_aarch64.manylinux2014_aarch64.whl", hash = "sha256:b5a96fcac2f18e5a0a23a75cd27ce2656c66c11c127b0318e508aab436b77428"},
    {file = "rpds_py-0.23.1-pp310-pypy310_pp73-manylinux_2_17_armv7l.manylinux2014_armv7l.whl", hash = "sha256:3e77febf227a1dc3220159355dba68faa13f8dca9335d97504abf428469fb18b"},
    {file = "rpds_py-0.23.1-pp310-pypy310_pp73-manylinux_2_17_ppc64le.manylinux2014_ppc64le.whl", hash = "sha256:26bb3e8de93443d55e2e748e9fd87deb5f8075ca7bc0502cfc8be8687d69a2ec"},
    {file = "rpds_py-0.23.1-pp310-pypy310_pp73-manylinux_2_17_s390x.manylinux2014_s390x.whl", hash = "sha256:db7707dde9143a67b8812c7e66aeb2d843fe33cc8e374170f4d2c50bd8f2472d"},
    {file = "rpds_py-0.23.1-pp310-pypy310_pp73-manylinux_2_17_x86_64.manylinux2014_x86_64.whl", hash = "sha256:1eedaaccc9bb66581d4ae7c50e15856e335e57ef2734dbc5fd8ba3e2a4ab3cb6"},
    {file = "rpds_py-0.23.1-pp310-pypy310_pp73-manylinux_2_5_i686.manylinux1_i686.whl", hash = "sha256:28358c54fffadf0ae893f6c1050e8f8853e45df22483b7fff2f6ab6152f5d8bf"},
    {file = "rpds_py-0.23.1-pp310-pypy310_pp73-musllinux_1_2_aarch64.whl", hash = "sha256:633462ef7e61d839171bf206551d5ab42b30b71cac8f10a64a662536e057fdef"},
    {file = "rpds_py-0.23.1-pp310-pypy310_pp73-musllinux_1_2_i686.whl", hash = "sha256:a98f510d86f689fcb486dc59e6e363af04151e5260ad1bdddb5625c10f1e95f8"},
    {file = "rpds_py-0.23.1-pp310-pypy310_pp73-musllinux_1_2_x86_64.whl", hash = "sha256:e0397dd0b3955c61ef9b22838144aa4bef6f0796ba5cc8edfc64d468b93798b4"},
    {file = "rpds_py-0.23.1-pp310-pypy310_pp73-win_amd64.whl", hash = "sha256:75307599f0d25bf6937248e5ac4e3bde5ea72ae6618623b86146ccc7845ed00b"},
    {file = "rpds_py-0.23.1-pp39-pypy39_pp73-macosx_10_12_x86_64.whl", hash = "sha256:3614d280bf7aab0d3721b5ce0e73434acb90a2c993121b6e81a1c15c665298ac"},
    {file = "rpds_py-0.23.1-pp39-pypy39_pp73-macosx_11_0_arm64.whl", hash = "sha256:e5963ea87f88bddf7edd59644a35a0feecf75f8985430124c253612d4f7d27ae"},
    {file = "rpds_py-0.23.1-pp39-pypy39_pp73-manylinux_2_17_aarch64.manylinux2014_aarch64.whl", hash = "sha256:ad76f44f70aac3a54ceb1813ca630c53415da3a24fd93c570b2dfb4856591017"},
    {file = "rpds_py-0.23.1-pp39-pypy39_pp73-manylinux_2_17_armv7l.manylinux2014_armv7l.whl", hash = "sha256:2c6ae11e6e93728d86aafc51ced98b1658a0080a7dd9417d24bfb955bb09c3c2"},
    {file = "rpds_py-0.23.1-pp39-pypy39_pp73-manylinux_2_17_ppc64le.manylinux2014_ppc64le.whl", hash = "sha256:fc869af5cba24d45fb0399b0cfdbcefcf6910bf4dee5d74036a57cf5264b3ff4"},
    {file = "rpds_py-0.23.1-pp39-pypy39_pp73-manylinux_2_17_s390x.manylinux2014_s390x.whl", hash = "sha256:c76b32eb2ab650a29e423525e84eb197c45504b1c1e6e17b6cc91fcfeb1a4b1d"},
    {file = "rpds_py-0.23.1-pp39-pypy39_pp73-manylinux_2_17_x86_64.manylinux2014_x86_64.whl", hash = "sha256:4263320ed887ed843f85beba67f8b2d1483b5947f2dc73a8b068924558bfeace"},
    {file = "rpds_py-0.23.1-pp39-pypy39_pp73-manylinux_2_5_i686.manylinux1_i686.whl", hash = "sha256:7f9682a8f71acdf59fd554b82b1c12f517118ee72c0f3944eda461606dfe7eb9"},
    {file = "rpds_py-0.23.1-pp39-pypy39_pp73-musllinux_1_2_aarch64.whl", hash = "sha256:754fba3084b70162a6b91efceee8a3f06b19e43dac3f71841662053c0584209a"},
    {file = "rpds_py-0.23.1-pp39-pypy39_pp73-musllinux_1_2_i686.whl", hash = "sha256:a1c66e71ecfd2a4acf0e4bd75e7a3605afa8f9b28a3b497e4ba962719df2be57"},
    {file = "rpds_py-0.23.1-pp39-pypy39_pp73-musllinux_1_2_x86_64.whl", hash = "sha256:8d67beb6002441faef8251c45e24994de32c4c8686f7356a1f601ad7c466f7c3"},
    {file = "rpds_py-0.23.1-pp39-pypy39_pp73-win_amd64.whl", hash = "sha256:a1e17d8dc8e57d8e0fd21f8f0f0a5211b3fa258b2e444c2053471ef93fe25a00"},
    {file = "rpds_py-0.23.1.tar.gz", hash = "sha256:7f3240dcfa14d198dba24b8b9cb3b108c06b68d45b7babd9eefc1038fdf7e707"},
]

[[package]]
name = "traitlets"
version = "5.14.3"
description = "Traitlets Python configuration system"
optional = false
python-versions = ">=3.8"
groups = ["main"]
files = [
    {file = "traitlets-5.14.3-py3-none-any.whl", hash = "sha256:b74e89e397b1ed28cc831db7aea759ba6640cb3de13090ca145426688ff1ac4f"},
    {file = "traitlets-5.14.3.tar.gz", hash = "sha256:9ed0579d3502c94b4b3732ac120375cda96f923114522847de4b3bb98b96b6b7"},
]

[package.extras]
docs = ["myst-parser", "pydata-sphinx-theme", "sphinx"]
test = ["argcomplete (>=3.0.3)", "mypy (>=1.7.0)", "pre-commit", "pytest (>=7.0,<8.2)", "pytest-mock", "pytest-mypy-testing"]

[[package]]
name = "typing-extensions"
version = "4.12.2"
description = "Backported and Experimental Type Hints for Python 3.8+"
optional = false
python-versions = ">=3.8"
groups = ["main"]
markers = "python_version < \"3.13\""
files = [
    {file = "typing_extensions-4.12.2-py3-none-any.whl", hash = "sha256:04e5ca0351e0f3f85c6853954072df659d0d13fac324d0072316b67d7794700d"},
    {file = "typing_extensions-4.12.2.tar.gz", hash = "sha256:1a7ead55c7e559dd4dee8856e3a88b41225abfe1ce8df57b7c13915fe121ffb8"},
]

[metadata]
lock-version = "2.1"
python-versions = ">=3.9,<4.0"
content-hash = "be1dd2aec5192f197f83f4ff80aa567bc1ea6503e930fd73616061b6f349d426"
